// !$*UTF8*$!
{
	archiveVersion = 1;
	classes = {
	};
	objectVersion = 46;
	objects = {

/* Begin PBXBuildFile section */
		3607869418E607040045AF0F /* RWForumViewController.m in Sources */ = {isa = PBXBuildFile; fileRef = 3607869318E607040045AF0F /* RWForumViewController.m */; };
		3607869718E607E50045AF0F /* RWWebSectionViewController.m in Sources */ = {isa = PBXBuildFile; fileRef = 3607869618E607E50045AF0F /* RWWebSectionViewController.m */; };
		3607869C18E685450045AF0F /* RWNavigationController.m in Sources */ = {isa = PBXBuildFile; fileRef = 3607869B18E685450045AF0F /* RWNavigationController.m */; };
		360786A218E7611D0045AF0F /* RWAFHTTPRequestOperationManager.m in Sources */ = {isa = PBXBuildFile; fileRef = 360786A118E7611D0045AF0F /* RWAFHTTPRequestOperationManager.m */; };
		360786D518E8B2640045AF0F /* TFHpple.m in Sources */ = {isa = PBXBuildFile; fileRef = 360786BC18E8B2640045AF0F /* TFHpple.m */; };
		360786D618E8B2640045AF0F /* TFHppleElement.m in Sources */ = {isa = PBXBuildFile; fileRef = 360786BE18E8B2640045AF0F /* TFHppleElement.m */; };
		360786DC18E8B2640045AF0F /* XPathQuery.m in Sources */ = {isa = PBXBuildFile; fileRef = 360786C718E8B2640045AF0F /* XPathQuery.m */; };
		360786E418E8B29F0045AF0F /* libxml2.2.dylib in Frameworks */ = {isa = PBXBuildFile; fileRef = 360786E318E8B29F0045AF0F /* libxml2.2.dylib */; };
		360786E718E8B3CE0045AF0F /* RWXPathStripper.m in Sources */ = {isa = PBXBuildFile; fileRef = 360786E618E8B3CE0045AF0F /* RWXPathStripper.m */; };
		360786EA18EA1A9A0045AF0F /* RWExternalWebViewController.m in Sources */ = {isa = PBXBuildFile; fileRef = 360786E918EA1A9A0045AF0F /* RWExternalWebViewController.m */; };
		360786ED18F330240045AF0F /* UIScrollView+SVInfiniteScrolling.m in Sources */ = {isa = PBXBuildFile; fileRef = 360786EC18F330240045AF0F /* UIScrollView+SVInfiniteScrolling.m */; };
		360786F418F35EED0045AF0F /* AudioToolbox.framework in Frameworks */ = {isa = PBXBuildFile; fileRef = 360786F318F35EED0045AF0F /* AudioToolbox.framework */; };
		360786F618F35EF90045AF0F /* CFNetwork.framework in Frameworks */ = {isa = PBXBuildFile; fileRef = 360786F518F35EF90045AF0F /* CFNetwork.framework */; };
		360786F818F35F130045AF0F /* CoreLocation.framework in Frameworks */ = {isa = PBXBuildFile; fileRef = 360786F718F35F130045AF0F /* CoreLocation.framework */; };
		360786FA18F35F1F0045AF0F /* libz.dylib in Frameworks */ = {isa = PBXBuildFile; fileRef = 360786F918F35F1F0045AF0F /* libz.dylib */; };
		360786FC18F35F280045AF0F /* MobileCoreServices.framework in Frameworks */ = {isa = PBXBuildFile; fileRef = 360786FB18F35F280045AF0F /* MobileCoreServices.framework */; };
		360786FE18F35F370045AF0F /* QuartzCore.framework in Frameworks */ = {isa = PBXBuildFile; fileRef = 360786FD18F35F370045AF0F /* QuartzCore.framework */; };
		3607870018F35F430045AF0F /* Security.framework in Frameworks */ = {isa = PBXBuildFile; fileRef = 360786FF18F35F430045AF0F /* Security.framework */; };
		3607870218F35F4D0045AF0F /* StoreKit.framework in Frameworks */ = {isa = PBXBuildFile; fileRef = 3607870118F35F4D0045AF0F /* StoreKit.framework */; };
		3607870418F35F570045AF0F /* SystemConfiguration.framework in Frameworks */ = {isa = PBXBuildFile; fileRef = 3607870318F35F570045AF0F /* SystemConfiguration.framework */; };
		3607870618F365230045AF0F /* Parse.framework in Frameworks */ = {isa = PBXBuildFile; fileRef = 3607870518F365230045AF0F /* Parse.framework */; };
		3607870A18F365EC0045AF0F /* FBMissingSymbols.m in Sources */ = {isa = PBXBuildFile; fileRef = 3607870918F365EC0045AF0F /* FBMissingSymbols.m */; };
		3607870B18F366480045AF0F /* Accounts.framework in Frameworks */ = {isa = PBXBuildFile; fileRef = 3607870718F3656F0045AF0F /* Accounts.framework */; };
		360B128E1927042D0033BEF3 /* priceDownArrow.png in Resources */ = {isa = PBXBuildFile; fileRef = 360B128C1927042D0033BEF3 /* priceDownArrow.png */; };
		360B128F1927042D0033BEF3 /* priceUpArrow.png in Resources */ = {isa = PBXBuildFile; fileRef = 360B128D1927042D0033BEF3 /* priceUpArrow.png */; };
		362048F91909C4CC00A1C10C /* Reachability.m in Sources */ = {isa = PBXBuildFile; fileRef = 362048F81909C4CC00A1C10C /* Reachability.m */; };
		363BA3F01918489B00277708 /* LaunchImageIPad.png in Resources */ = {isa = PBXBuildFile; fileRef = 363BA3EC1918489B00277708 /* LaunchImageIPad.png */; };
		363BA3F11918489B00277708 /* LaunchImageIPad@2x.png in Resources */ = {isa = PBXBuildFile; fileRef = 363BA3ED1918489B00277708 /* LaunchImageIPad@2x.png */; };
		363BA3F21918489B00277708 /* LaunchImageIPhone4inch.png in Resources */ = {isa = PBXBuildFile; fileRef = 363BA3EE1918489B00277708 /* LaunchImageIPhone4inch.png */; };
		363BA3F31918489B00277708 /* LaunchImageIPhone35Inch.png in Resources */ = {isa = PBXBuildFile; fileRef = 363BA3EF1918489B00277708 /* LaunchImageIPhone35Inch.png */; };
		365282F71921816E00D50F0A /* LeftChartArrow.png in Resources */ = {isa = PBXBuildFile; fileRef = 365282F31921816E00D50F0A /* LeftChartArrow.png */; };
		365282F81921816E00D50F0A /* LeftChartArrow@2x.png in Resources */ = {isa = PBXBuildFile; fileRef = 365282F41921816E00D50F0A /* LeftChartArrow@2x.png */; };
		365282F91921816E00D50F0A /* RightChartArrow.png in Resources */ = {isa = PBXBuildFile; fileRef = 365282F51921816E00D50F0A /* RightChartArrow.png */; };
		365282FA1921816E00D50F0A /* RightChartArrow@2x.png in Resources */ = {isa = PBXBuildFile; fileRef = 365282F61921816E00D50F0A /* RightChartArrow@2x.png */; };
		365282FD19219BD300D50F0A /* RWXAxisView.m in Sources */ = {isa = PBXBuildFile; fileRef = 365282FC19219BD300D50F0A /* RWXAxisView.m */; };
		365895E319118D18005FAD8A /* tabBarButtonBackground.png in Resources */ = {isa = PBXBuildFile; fileRef = 365895E119118D18005FAD8A /* tabBarButtonBackground.png */; };
		365895E419118D18005FAD8A /* tabBarButtonBackground@2x.png in Resources */ = {isa = PBXBuildFile; fileRef = 365895E219118D18005FAD8A /* tabBarButtonBackground@2x.png */; };
		367406D6191AF0FE00D78C8E /* RWChartsViewController.m in Sources */ = {isa = PBXBuildFile; fileRef = 367406D5191AF0FE00D78C8E /* RWChartsViewController.m */; };
		367406D9191AF17100D78C8E /* ChartsIcon.png in Resources */ = {isa = PBXBuildFile; fileRef = 367406D7191AF17100D78C8E /* ChartsIcon.png */; };
		367406DA191AF17100D78C8E /* ChartsIcon@2x.png in Resources */ = {isa = PBXBuildFile; fileRef = 367406D8191AF17100D78C8E /* ChartsIcon@2x.png */; };
		367406E0191AF55D00D78C8E /* LCLineChartView.m in Sources */ = {isa = PBXBuildFile; fileRef = 367406DF191AF55D00D78C8E /* LCLineChartView.m */; };
		367406E5191AF57100D78C8E /* LCInfoView.m in Sources */ = {isa = PBXBuildFile; fileRef = 367406E2191AF57100D78C8E /* LCInfoView.m */; };
		367406E6191AF57100D78C8E /* LCLegendView.m in Sources */ = {isa = PBXBuildFile; fileRef = 367406E4191AF57100D78C8E /* LCLegendView.m */; };
		367406EA191AF87B00D78C8E /* RWChartDataItem.m in Sources */ = {isa = PBXBuildFile; fileRef = 367406E9191AF87B00D78C8E /* RWChartDataItem.m */; };
		367406F2191B119C00D78C8E /* RWChart.m in Sources */ = {isa = PBXBuildFile; fileRef = 367406F1191B119C00D78C8E /* RWChart.m */; };
		367406F5191D7DE000D78C8E /* RWChartDataManager.m in Sources */ = {isa = PBXBuildFile; fileRef = 367406F4191D7DE000D78C8E /* RWChartDataManager.m */; };
		367CE891192301010078B8F5 /* RWChartDataStatsExtractor.m in Sources */ = {isa = PBXBuildFile; fileRef = 367CE890192301010078B8F5 /* RWChartDataStatsExtractor.m */; };
		367CE8941923184E0078B8F5 /* RWStatisticsView.m in Sources */ = {isa = PBXBuildFile; fileRef = 367CE8931923184E0078B8F5 /* RWStatisticsView.m */; };
		36C624F21901C3F60014F082 /* RWPost.m in Sources */ = {isa = PBXBuildFile; fileRef = 36C624F11901C3F60014F082 /* RWPost.m */; };
		36C624F51901C46A0014F082 /* RWVideoPost.m in Sources */ = {isa = PBXBuildFile; fileRef = 36C624F41901C46A0014F082 /* RWVideoPost.m */; };
		36C624F81901C4770014F082 /* RWArticlePost.m in Sources */ = {isa = PBXBuildFile; fileRef = 36C624F71901C4770014F082 /* RWArticlePost.m */; };
		36C624FB1901C4880014F082 /* RWNewsPost.m in Sources */ = {isa = PBXBuildFile; fileRef = 36C624FA1901C4880014F082 /* RWNewsPost.m */; };
		36C624FD190858210014F082 /* ocraextended.ttf in Resources */ = {isa = PBXBuildFile; fileRef = 36C624FC190858210014F082 /* ocraextended.ttf */; };
		36C6250E1908721C0014F082 /* Icon-40.png in Resources */ = {isa = PBXBuildFile; fileRef = 36C624FE1908721C0014F082 /* Icon-40.png */; };
		36C6250F1908721C0014F082 /* Icon-40@2x.png in Resources */ = {isa = PBXBuildFile; fileRef = 36C624FF1908721C0014F082 /* Icon-40@2x.png */; };
		36C625101908721C0014F082 /* Icon-60.png in Resources */ = {isa = PBXBuildFile; fileRef = 36C625001908721C0014F082 /* Icon-60.png */; };
		36C625111908721C0014F082 /* Icon-60@2x.png in Resources */ = {isa = PBXBuildFile; fileRef = 36C625011908721C0014F082 /* Icon-60@2x.png */; };
		36C625121908721C0014F082 /* Icon-72.png in Resources */ = {isa = PBXBuildFile; fileRef = 36C625021908721C0014F082 /* Icon-72.png */; };
		36C625131908721C0014F082 /* Icon-72@2x.png in Resources */ = {isa = PBXBuildFile; fileRef = 36C625031908721C0014F082 /* Icon-72@2x.png */; };
		36C625141908721C0014F082 /* Icon-76.png in Resources */ = {isa = PBXBuildFile; fileRef = 36C625041908721C0014F082 /* Icon-76.png */; };
		36C625151908721C0014F082 /* Icon-76@2x.png in Resources */ = {isa = PBXBuildFile; fileRef = 36C625051908721C0014F082 /* Icon-76@2x.png */; };
		36C625161908721C0014F082 /* Icon-Small-50.png in Resources */ = {isa = PBXBuildFile; fileRef = 36C625061908721C0014F082 /* Icon-Small-50.png */; };
		36C625171908721C0014F082 /* Icon-Small-50@2x.png in Resources */ = {isa = PBXBuildFile; fileRef = 36C625071908721C0014F082 /* Icon-Small-50@2x.png */; };
		36C625181908721C0014F082 /* Icon-Small.png in Resources */ = {isa = PBXBuildFile; fileRef = 36C625081908721C0014F082 /* Icon-Small.png */; };
		36C625191908721C0014F082 /* Icon-Small@2x.png in Resources */ = {isa = PBXBuildFile; fileRef = 36C625091908721C0014F082 /* Icon-Small@2x.png */; };
		36C6251A1908721C0014F082 /* Icon.png in Resources */ = {isa = PBXBuildFile; fileRef = 36C6250A1908721C0014F082 /* Icon.png */; };
		36C6251B1908721C0014F082 /* Icon@2x.png in Resources */ = {isa = PBXBuildFile; fileRef = 36C6250B1908721C0014F082 /* Icon@2x.png */; };
		36C6251C1908721C0014F082 /* iTunesArtwork.png in Resources */ = {isa = PBXBuildFile; fileRef = 36C6250C1908721C0014F082 /* iTunesArtwork.png */; };
		36C6251D1908721C0014F082 /* iTunesArtwork@2x.png in Resources */ = {isa = PBXBuildFile; fileRef = 36C6250D1908721C0014F082 /* iTunesArtwork@2x.png */; };
		36C6252019096A1F0014F082 /* ForumIcon.png in Resources */ = {isa = PBXBuildFile; fileRef = 36C6251E19096A1F0014F082 /* ForumIcon.png */; };
		36C6252119096A1F0014F082 /* ForumIcon@2x.png in Resources */ = {isa = PBXBuildFile; fileRef = 36C6251F19096A1F0014F082 /* ForumIcon@2x.png */; };
		36CB28D918DA456C00476E15 /* Foundation.framework in Frameworks */ = {isa = PBXBuildFile; fileRef = 36CB28D818DA456C00476E15 /* Foundation.framework */; };
		36CB28DB18DA456C00476E15 /* CoreGraphics.framework in Frameworks */ = {isa = PBXBuildFile; fileRef = 36CB28DA18DA456C00476E15 /* CoreGraphics.framework */; };
		36CB28DD18DA456C00476E15 /* UIKit.framework in Frameworks */ = {isa = PBXBuildFile; fileRef = 36CB28DC18DA456C00476E15 /* UIKit.framework */; };
		36CB28E318DA456C00476E15 /* InfoPlist.strings in Resources */ = {isa = PBXBuildFile; fileRef = 36CB28E118DA456C00476E15 /* InfoPlist.strings */; };
		36CB28E518DA456C00476E15 /* main.m in Sources */ = {isa = PBXBuildFile; fileRef = 36CB28E418DA456C00476E15 /* main.m */; };
		36CB28E918DA456C00476E15 /* RWAppDelegate.m in Sources */ = {isa = PBXBuildFile; fileRef = 36CB28E818DA456C00476E15 /* RWAppDelegate.m */; };
		36CB28EB18DA456C00476E15 /* Images.xcassets in Resources */ = {isa = PBXBuildFile; fileRef = 36CB28EA18DA456C00476E15 /* Images.xcassets */; };
		36CB28F218DA456C00476E15 /* XCTest.framework in Frameworks */ = {isa = PBXBuildFile; fileRef = 36CB28F118DA456C00476E15 /* XCTest.framework */; };
		36CB28F318DA456C00476E15 /* Foundation.framework in Frameworks */ = {isa = PBXBuildFile; fileRef = 36CB28D818DA456C00476E15 /* Foundation.framework */; };
		36CB28F418DA456C00476E15 /* UIKit.framework in Frameworks */ = {isa = PBXBuildFile; fileRef = 36CB28DC18DA456C00476E15 /* UIKit.framework */; };
		36CB28FC18DA456C00476E15 /* InfoPlist.strings in Resources */ = {isa = PBXBuildFile; fileRef = 36CB28FA18DA456C00476E15 /* InfoPlist.strings */; };
		36CB28FE18DA456C00476E15 /* MoneyAndTechTests.m in Sources */ = {isa = PBXBuildFile; fileRef = 36CB28FD18DA456C00476E15 /* MoneyAndTechTests.m */; };
		36CB290A18DA460200476E15 /* RWArticlesViewController.m in Sources */ = {isa = PBXBuildFile; fileRef = 36CB290918DA460200476E15 /* RWArticlesViewController.m */; };
		36CB290D18DA461F00476E15 /* RWNewsViewController.m in Sources */ = {isa = PBXBuildFile; fileRef = 36CB290C18DA461F00476E15 /* RWNewsViewController.m */; };
		36CB291018DA468000476E15 /* RWVideosViewController.m in Sources */ = {isa = PBXBuildFile; fileRef = 36CB290F18DA468000476E15 /* RWVideosViewController.m */; };
		36CB291A18DB934A00476E15 /* VideosIcon.png in Resources */ = {isa = PBXBuildFile; fileRef = 36CB291818DB934A00476E15 /* VideosIcon.png */; };
		36CB291B18DB934A00476E15 /* VideosIcon@2x.png in Resources */ = {isa = PBXBuildFile; fileRef = 36CB291918DB934A00476E15 /* VideosIcon@2x.png */; };
		36CB291E18DBBB3300476E15 /* ArticlesIcon.png in Resources */ = {isa = PBXBuildFile; fileRef = 36CB291C18DBBB3300476E15 /* ArticlesIcon.png */; };
		36CB291F18DBBB3300476E15 /* ArticlesIcon@2x.png in Resources */ = {isa = PBXBuildFile; fileRef = 36CB291D18DBBB3300476E15 /* ArticlesIcon@2x.png */; };
		36CB292218DBBF9E00476E15 /* NewsIcon.png in Resources */ = {isa = PBXBuildFile; fileRef = 36CB292018DBBF9E00476E15 /* NewsIcon.png */; };
		36CB292318DBBF9E00476E15 /* NewsIcon@2x.png in Resources */ = {isa = PBXBuildFile; fileRef = 36CB292118DBBF9E00476E15 /* NewsIcon@2x.png */; };
		36CFE7F91913FE9F00BE93C7 /* RWConfiguration.m in Sources */ = {isa = PBXBuildFile; fileRef = 36CFE7F81913FE9F00BE93C7 /* RWConfiguration.m */; };
		36E5256219255D1800214899 /* UIScrollView+SVPullToRefresh.m in Sources */ = {isa = PBXBuildFile; fileRef = 36E5256119255D1800214899 /* UIScrollView+SVPullToRefresh.m */; };
		36E5256C1925776E00214899 /* noise-light-gray@2x.png in Resources */ = {isa = PBXBuildFile; fileRef = 36E5256B1925776E00214899 /* noise-light-gray@2x.png */; };
		36E5256E19257C8200214899 /* noise-light-gray.png in Resources */ = {isa = PBXBuildFile; fileRef = 36E5256D19257C8200214899 /* noise-light-gray.png */; };
		36E52570192585DD00214899 /* noise-light-blue@2x.png in Resources */ = {isa = PBXBuildFile; fileRef = 36E5256F192585DD00214899 /* noise-light-blue@2x.png */; };
		36E525751925A3B100214899 /* UILabel+updateFrame.m in Sources */ = {isa = PBXBuildFile; fileRef = 36E525741925A3B100214899 /* UILabel+updateFrame.m */; };
		36E525771926BAEE00214899 /* noise-light-blue.png in Resources */ = {isa = PBXBuildFile; fileRef = 36E525761926BAEE00214899 /* noise-light-blue.png */; };
		36F5393C19201FF900CC2442 /* RWPriceViewController.m in Sources */ = {isa = PBXBuildFile; fileRef = 36F5393B19201FF900CC2442 /* RWPriceViewController.m */; };
		36F5393F1920214A00CC2442 /* PriceIcon.png in Resources */ = {isa = PBXBuildFile; fileRef = 36F5393D1920214A00CC2442 /* PriceIcon.png */; };
		36F539401920214A00CC2442 /* PriceIcon@2x.png in Resources */ = {isa = PBXBuildFile; fileRef = 36F5393E1920214A00CC2442 /* PriceIcon@2x.png */; };
		36F5394319202B1600CC2442 /* UIViewController+ActivitySpinner.m in Sources */ = {isa = PBXBuildFile; fileRef = 36F5394219202B1600CC2442 /* UIViewController+ActivitySpinner.m */; };
		8290320DE6544096B77AB564 /* libPods.a in Frameworks */ = {isa = PBXBuildFile; fileRef = 373E7C6795DD43FAB03D8DF2 /* libPods.a */; };
/* End PBXBuildFile section */

/* Begin PBXContainerItemProxy section */
		36CB28F518DA456C00476E15 /* PBXContainerItemProxy */ = {
			isa = PBXContainerItemProxy;
			containerPortal = 36CB28CD18DA456C00476E15 /* Project object */;
			proxyType = 1;
			remoteGlobalIDString = 36CB28D418DA456C00476E15;
			remoteInfo = MoneyAndTech;
		};
/* End PBXContainerItemProxy section */

/* Begin PBXFileReference section */
		3607869218E607040045AF0F /* RWForumViewController.h */ = {isa = PBXFileReference; fileEncoding = 4; lastKnownFileType = sourcecode.c.h; path = RWForumViewController.h; sourceTree = "<group>"; };
		3607869318E607040045AF0F /* RWForumViewController.m */ = {isa = PBXFileReference; fileEncoding = 4; lastKnownFileType = sourcecode.c.objc; path = RWForumViewController.m; sourceTree = "<group>"; };
		3607869518E607E50045AF0F /* RWWebSectionViewController.h */ = {isa = PBXFileReference; fileEncoding = 4; lastKnownFileType = sourcecode.c.h; path = RWWebSectionViewController.h; sourceTree = "<group>"; };
		3607869618E607E50045AF0F /* RWWebSectionViewController.m */ = {isa = PBXFileReference; fileEncoding = 4; lastKnownFileType = sourcecode.c.objc; path = RWWebSectionViewController.m; sourceTree = "<group>"; };
		3607869A18E685450045AF0F /* RWNavigationController.h */ = {isa = PBXFileReference; fileEncoding = 4; lastKnownFileType = sourcecode.c.h; path = RWNavigationController.h; sourceTree = "<group>"; };
		3607869B18E685450045AF0F /* RWNavigationController.m */ = {isa = PBXFileReference; fileEncoding = 4; lastKnownFileType = sourcecode.c.objc; path = RWNavigationController.m; sourceTree = "<group>"; };
		360786A018E7611D0045AF0F /* RWAFHTTPRequestOperationManager.h */ = {isa = PBXFileReference; fileEncoding = 4; lastKnownFileType = sourcecode.c.h; path = RWAFHTTPRequestOperationManager.h; sourceTree = "<group>"; };
		360786A118E7611D0045AF0F /* RWAFHTTPRequestOperationManager.m */ = {isa = PBXFileReference; fileEncoding = 4; lastKnownFileType = sourcecode.c.objc; path = RWAFHTTPRequestOperationManager.m; sourceTree = "<group>"; };
		360786BB18E8B2640045AF0F /* TFHpple.h */ = {isa = PBXFileReference; fileEncoding = 4; lastKnownFileType = sourcecode.c.h; path = TFHpple.h; sourceTree = "<group>"; };
		360786BC18E8B2640045AF0F /* TFHpple.m */ = {isa = PBXFileReference; fileEncoding = 4; lastKnownFileType = sourcecode.c.objc; path = TFHpple.m; sourceTree = "<group>"; };
		360786BD18E8B2640045AF0F /* TFHppleElement.h */ = {isa = PBXFileReference; fileEncoding = 4; lastKnownFileType = sourcecode.c.h; path = TFHppleElement.h; sourceTree = "<group>"; };
		360786BE18E8B2640045AF0F /* TFHppleElement.m */ = {isa = PBXFileReference; fileEncoding = 4; lastKnownFileType = sourcecode.c.objc; path = TFHppleElement.m; sourceTree = "<group>"; };
		360786C618E8B2640045AF0F /* XPathQuery.h */ = {isa = PBXFileReference; fileEncoding = 4; lastKnownFileType = sourcecode.c.h; path = XPathQuery.h; sourceTree = "<group>"; };
		360786C718E8B2640045AF0F /* XPathQuery.m */ = {isa = PBXFileReference; fileEncoding = 4; lastKnownFileType = sourcecode.c.objc; path = XPathQuery.m; sourceTree = "<group>"; };
		360786E318E8B29F0045AF0F /* libxml2.2.dylib */ = {isa = PBXFileReference; lastKnownFileType = "compiled.mach-o.dylib"; name = libxml2.2.dylib; path = usr/lib/libxml2.2.dylib; sourceTree = SDKROOT; };
		360786E518E8B3CE0045AF0F /* RWXPathStripper.h */ = {isa = PBXFileReference; fileEncoding = 4; lastKnownFileType = sourcecode.c.h; path = RWXPathStripper.h; sourceTree = "<group>"; };
		360786E618E8B3CE0045AF0F /* RWXPathStripper.m */ = {isa = PBXFileReference; fileEncoding = 4; lastKnownFileType = sourcecode.c.objc; path = RWXPathStripper.m; sourceTree = "<group>"; };
		360786E818EA1A9A0045AF0F /* RWExternalWebViewController.h */ = {isa = PBXFileReference; fileEncoding = 4; lastKnownFileType = sourcecode.c.h; path = RWExternalWebViewController.h; sourceTree = "<group>"; };
		360786E918EA1A9A0045AF0F /* RWExternalWebViewController.m */ = {isa = PBXFileReference; fileEncoding = 4; lastKnownFileType = sourcecode.c.objc; path = RWExternalWebViewController.m; sourceTree = "<group>"; };
		360786EB18F330240045AF0F /* UIScrollView+SVInfiniteScrolling.h */ = {isa = PBXFileReference; fileEncoding = 4; lastKnownFileType = sourcecode.c.h; path = "UIScrollView+SVInfiniteScrolling.h"; sourceTree = "<group>"; };
		360786EC18F330240045AF0F /* UIScrollView+SVInfiniteScrolling.m */ = {isa = PBXFileReference; fileEncoding = 4; lastKnownFileType = sourcecode.c.objc; path = "UIScrollView+SVInfiniteScrolling.m"; sourceTree = "<group>"; };
		360786F318F35EED0045AF0F /* AudioToolbox.framework */ = {isa = PBXFileReference; lastKnownFileType = wrapper.framework; name = AudioToolbox.framework; path = System/Library/Frameworks/AudioToolbox.framework; sourceTree = SDKROOT; };
		360786F518F35EF90045AF0F /* CFNetwork.framework */ = {isa = PBXFileReference; lastKnownFileType = wrapper.framework; name = CFNetwork.framework; path = System/Library/Frameworks/CFNetwork.framework; sourceTree = SDKROOT; };
		360786F718F35F130045AF0F /* CoreLocation.framework */ = {isa = PBXFileReference; lastKnownFileType = wrapper.framework; name = CoreLocation.framework; path = System/Library/Frameworks/CoreLocation.framework; sourceTree = SDKROOT; };
		360786F918F35F1F0045AF0F /* libz.dylib */ = {isa = PBXFileReference; lastKnownFileType = "compiled.mach-o.dylib"; name = libz.dylib; path = usr/lib/libz.dylib; sourceTree = SDKROOT; };
		360786FB18F35F280045AF0F /* MobileCoreServices.framework */ = {isa = PBXFileReference; lastKnownFileType = wrapper.framework; name = MobileCoreServices.framework; path = System/Library/Frameworks/MobileCoreServices.framework; sourceTree = SDKROOT; };
		360786FD18F35F370045AF0F /* QuartzCore.framework */ = {isa = PBXFileReference; lastKnownFileType = wrapper.framework; name = QuartzCore.framework; path = System/Library/Frameworks/QuartzCore.framework; sourceTree = SDKROOT; };
		360786FF18F35F430045AF0F /* Security.framework */ = {isa = PBXFileReference; lastKnownFileType = wrapper.framework; name = Security.framework; path = System/Library/Frameworks/Security.framework; sourceTree = SDKROOT; };
		3607870118F35F4D0045AF0F /* StoreKit.framework */ = {isa = PBXFileReference; lastKnownFileType = wrapper.framework; name = StoreKit.framework; path = System/Library/Frameworks/StoreKit.framework; sourceTree = SDKROOT; };
		3607870318F35F570045AF0F /* SystemConfiguration.framework */ = {isa = PBXFileReference; lastKnownFileType = wrapper.framework; name = SystemConfiguration.framework; path = System/Library/Frameworks/SystemConfiguration.framework; sourceTree = SDKROOT; };
		3607870518F365230045AF0F /* Parse.framework */ = {isa = PBXFileReference; lastKnownFileType = wrapper.framework; path = Parse.framework; sourceTree = "<group>"; };
		3607870718F3656F0045AF0F /* Accounts.framework */ = {isa = PBXFileReference; lastKnownFileType = wrapper.framework; name = Accounts.framework; path = System/Library/Frameworks/Accounts.framework; sourceTree = SDKROOT; };
		3607870918F365EC0045AF0F /* FBMissingSymbols.m */ = {isa = PBXFileReference; fileEncoding = 4; lastKnownFileType = sourcecode.c.objc; path = FBMissingSymbols.m; sourceTree = "<group>"; };
		360B128C1927042D0033BEF3 /* priceDownArrow.png */ = {isa = PBXFileReference; lastKnownFileType = image.png; path = priceDownArrow.png; sourceTree = "<group>"; };
		360B128D1927042D0033BEF3 /* priceUpArrow.png */ = {isa = PBXFileReference; lastKnownFileType = image.png; path = priceUpArrow.png; sourceTree = "<group>"; };
		362048F71909C4CC00A1C10C /* Reachability.h */ = {isa = PBXFileReference; fileEncoding = 4; lastKnownFileType = sourcecode.c.h; path = Reachability.h; sourceTree = "<group>"; };
		362048F81909C4CC00A1C10C /* Reachability.m */ = {isa = PBXFileReference; fileEncoding = 4; lastKnownFileType = sourcecode.c.objc; path = Reachability.m; sourceTree = "<group>"; };
		363BA3EC1918489B00277708 /* LaunchImageIPad.png */ = {isa = PBXFileReference; lastKnownFileType = image.png; path = LaunchImageIPad.png; sourceTree = "<group>"; };
		363BA3ED1918489B00277708 /* LaunchImageIPad@2x.png */ = {isa = PBXFileReference; lastKnownFileType = image.png; path = "LaunchImageIPad@2x.png"; sourceTree = "<group>"; };
		363BA3EE1918489B00277708 /* LaunchImageIPhone4inch.png */ = {isa = PBXFileReference; lastKnownFileType = image.png; path = LaunchImageIPhone4inch.png; sourceTree = "<group>"; };
		363BA3EF1918489B00277708 /* LaunchImageIPhone35Inch.png */ = {isa = PBXFileReference; lastKnownFileType = image.png; path = LaunchImageIPhone35Inch.png; sourceTree = "<group>"; };
		365282F31921816E00D50F0A /* LeftChartArrow.png */ = {isa = PBXFileReference; lastKnownFileType = image.png; path = LeftChartArrow.png; sourceTree = "<group>"; };
		365282F41921816E00D50F0A /* LeftChartArrow@2x.png */ = {isa = PBXFileReference; lastKnownFileType = image.png; path = "LeftChartArrow@2x.png"; sourceTree = "<group>"; };
		365282F51921816E00D50F0A /* RightChartArrow.png */ = {isa = PBXFileReference; lastKnownFileType = image.png; path = RightChartArrow.png; sourceTree = "<group>"; };
		365282F61921816E00D50F0A /* RightChartArrow@2x.png */ = {isa = PBXFileReference; lastKnownFileType = image.png; path = "RightChartArrow@2x.png"; sourceTree = "<group>"; };
		365282FB19219BD300D50F0A /* RWXAxisView.h */ = {isa = PBXFileReference; fileEncoding = 4; lastKnownFileType = sourcecode.c.h; path = RWXAxisView.h; sourceTree = "<group>"; };
		365282FC19219BD300D50F0A /* RWXAxisView.m */ = {isa = PBXFileReference; fileEncoding = 4; lastKnownFileType = sourcecode.c.objc; path = RWXAxisView.m; sourceTree = "<group>"; };
		365895E119118D18005FAD8A /* tabBarButtonBackground.png */ = {isa = PBXFileReference; lastKnownFileType = image.png; path = tabBarButtonBackground.png; sourceTree = "<group>"; };
		365895E219118D18005FAD8A /* tabBarButtonBackground@2x.png */ = {isa = PBXFileReference; lastKnownFileType = image.png; path = "tabBarButtonBackground@2x.png"; sourceTree = "<group>"; };
		367406D4191AF0FE00D78C8E /* RWChartsViewController.h */ = {isa = PBXFileReference; fileEncoding = 4; lastKnownFileType = sourcecode.c.h; path = RWChartsViewController.h; sourceTree = "<group>"; };
		367406D5191AF0FE00D78C8E /* RWChartsViewController.m */ = {isa = PBXFileReference; fileEncoding = 4; lastKnownFileType = sourcecode.c.objc; path = RWChartsViewController.m; sourceTree = "<group>"; };
		367406D7191AF17100D78C8E /* ChartsIcon.png */ = {isa = PBXFileReference; lastKnownFileType = image.png; path = ChartsIcon.png; sourceTree = "<group>"; };
		367406D8191AF17100D78C8E /* ChartsIcon@2x.png */ = {isa = PBXFileReference; lastKnownFileType = image.png; path = "ChartsIcon@2x.png"; sourceTree = "<group>"; };
		367406DE191AF55D00D78C8E /* LCLineChartView.h */ = {isa = PBXFileReference; fileEncoding = 4; lastKnownFileType = sourcecode.c.h; path = LCLineChartView.h; sourceTree = "<group>"; };
		367406DF191AF55D00D78C8E /* LCLineChartView.m */ = {isa = PBXFileReference; fileEncoding = 4; lastKnownFileType = sourcecode.c.objc; path = LCLineChartView.m; sourceTree = "<group>"; };
		367406E1191AF57100D78C8E /* LCInfoView.h */ = {isa = PBXFileReference; fileEncoding = 4; lastKnownFileType = sourcecode.c.h; path = LCInfoView.h; sourceTree = "<group>"; };
		367406E2191AF57100D78C8E /* LCInfoView.m */ = {isa = PBXFileReference; fileEncoding = 4; lastKnownFileType = sourcecode.c.objc; path = LCInfoView.m; sourceTree = "<group>"; };
		367406E3191AF57100D78C8E /* LCLegendView.h */ = {isa = PBXFileReference; fileEncoding = 4; lastKnownFileType = sourcecode.c.h; path = LCLegendView.h; sourceTree = "<group>"; };
		367406E4191AF57100D78C8E /* LCLegendView.m */ = {isa = PBXFileReference; fileEncoding = 4; lastKnownFileType = sourcecode.c.objc; path = LCLegendView.m; sourceTree = "<group>"; };
		367406E7191AF58B00D78C8E /* LineChart.h */ = {isa = PBXFileReference; lastKnownFileType = sourcecode.c.h; path = LineChart.h; sourceTree = "<group>"; };
		367406E8191AF87B00D78C8E /* RWChartDataItem.h */ = {isa = PBXFileReference; fileEncoding = 4; lastKnownFileType = sourcecode.c.h; path = RWChartDataItem.h; sourceTree = "<group>"; };
		367406E9191AF87B00D78C8E /* RWChartDataItem.m */ = {isa = PBXFileReference; fileEncoding = 4; lastKnownFileType = sourcecode.c.objc; path = RWChartDataItem.m; sourceTree = "<group>"; };
		367406F0191B119C00D78C8E /* RWChart.h */ = {isa = PBXFileReference; fileEncoding = 4; lastKnownFileType = sourcecode.c.h; path = RWChart.h; sourceTree = "<group>"; };
		367406F1191B119C00D78C8E /* RWChart.m */ = {isa = PBXFileReference; fileEncoding = 4; lastKnownFileType = sourcecode.c.objc; path = RWChart.m; sourceTree = "<group>"; };
		367406F3191D7DE000D78C8E /* RWChartDataManager.h */ = {isa = PBXFileReference; fileEncoding = 4; lastKnownFileType = sourcecode.c.h; path = RWChartDataManager.h; sourceTree = "<group>"; };
		367406F4191D7DE000D78C8E /* RWChartDataManager.m */ = {isa = PBXFileReference; fileEncoding = 4; lastKnownFileType = sourcecode.c.objc; path = RWChartDataManager.m; sourceTree = "<group>"; };
		367CE88F192301010078B8F5 /* RWChartDataStatsExtractor.h */ = {isa = PBXFileReference; fileEncoding = 4; lastKnownFileType = sourcecode.c.h; path = RWChartDataStatsExtractor.h; sourceTree = "<group>"; };
		367CE890192301010078B8F5 /* RWChartDataStatsExtractor.m */ = {isa = PBXFileReference; fileEncoding = 4; lastKnownFileType = sourcecode.c.objc; path = RWChartDataStatsExtractor.m; sourceTree = "<group>"; };
		367CE8921923184E0078B8F5 /* RWStatisticsView.h */ = {isa = PBXFileReference; fileEncoding = 4; lastKnownFileType = sourcecode.c.h; path = RWStatisticsView.h; sourceTree = "<group>"; };
		367CE8931923184E0078B8F5 /* RWStatisticsView.m */ = {isa = PBXFileReference; fileEncoding = 4; lastKnownFileType = sourcecode.c.objc; path = RWStatisticsView.m; sourceTree = "<group>"; };
		36C624F01901C3F60014F082 /* RWPost.h */ = {isa = PBXFileReference; fileEncoding = 4; lastKnownFileType = sourcecode.c.h; path = RWPost.h; sourceTree = "<group>"; };
		36C624F11901C3F60014F082 /* RWPost.m */ = {isa = PBXFileReference; fileEncoding = 4; lastKnownFileType = sourcecode.c.objc; path = RWPost.m; sourceTree = "<group>"; };
		36C624F31901C46A0014F082 /* RWVideoPost.h */ = {isa = PBXFileReference; fileEncoding = 4; lastKnownFileType = sourcecode.c.h; path = RWVideoPost.h; sourceTree = "<group>"; };
		36C624F41901C46A0014F082 /* RWVideoPost.m */ = {isa = PBXFileReference; fileEncoding = 4; lastKnownFileType = sourcecode.c.objc; path = RWVideoPost.m; sourceTree = "<group>"; };
		36C624F61901C4770014F082 /* RWArticlePost.h */ = {isa = PBXFileReference; fileEncoding = 4; lastKnownFileType = sourcecode.c.h; path = RWArticlePost.h; sourceTree = "<group>"; };
		36C624F71901C4770014F082 /* RWArticlePost.m */ = {isa = PBXFileReference; fileEncoding = 4; lastKnownFileType = sourcecode.c.objc; path = RWArticlePost.m; sourceTree = "<group>"; };
		36C624F91901C4880014F082 /* RWNewsPost.h */ = {isa = PBXFileReference; fileEncoding = 4; lastKnownFileType = sourcecode.c.h; path = RWNewsPost.h; sourceTree = "<group>"; };
		36C624FA1901C4880014F082 /* RWNewsPost.m */ = {isa = PBXFileReference; fileEncoding = 4; lastKnownFileType = sourcecode.c.objc; path = RWNewsPost.m; sourceTree = "<group>"; };
		36C624FC190858210014F082 /* ocraextended.ttf */ = {isa = PBXFileReference; lastKnownFileType = file; path = ocraextended.ttf; sourceTree = "<group>"; };
		36C624FE1908721C0014F082 /* Icon-40.png */ = {isa = PBXFileReference; lastKnownFileType = image.png; path = "Icon-40.png"; sourceTree = "<group>"; };
		36C624FF1908721C0014F082 /* Icon-40@2x.png */ = {isa = PBXFileReference; lastKnownFileType = image.png; path = "Icon-40@2x.png"; sourceTree = "<group>"; };
		36C625001908721C0014F082 /* Icon-60.png */ = {isa = PBXFileReference; lastKnownFileType = image.png; path = "Icon-60.png"; sourceTree = "<group>"; };
		36C625011908721C0014F082 /* Icon-60@2x.png */ = {isa = PBXFileReference; lastKnownFileType = image.png; path = "Icon-60@2x.png"; sourceTree = "<group>"; };
		36C625021908721C0014F082 /* Icon-72.png */ = {isa = PBXFileReference; lastKnownFileType = image.png; path = "Icon-72.png"; sourceTree = "<group>"; };
		36C625031908721C0014F082 /* Icon-72@2x.png */ = {isa = PBXFileReference; lastKnownFileType = image.png; path = "Icon-72@2x.png"; sourceTree = "<group>"; };
		36C625041908721C0014F082 /* Icon-76.png */ = {isa = PBXFileReference; lastKnownFileType = image.png; path = "Icon-76.png"; sourceTree = "<group>"; };
		36C625051908721C0014F082 /* Icon-76@2x.png */ = {isa = PBXFileReference; lastKnownFileType = image.png; path = "Icon-76@2x.png"; sourceTree = "<group>"; };
		36C625061908721C0014F082 /* Icon-Small-50.png */ = {isa = PBXFileReference; lastKnownFileType = image.png; path = "Icon-Small-50.png"; sourceTree = "<group>"; };
		36C625071908721C0014F082 /* Icon-Small-50@2x.png */ = {isa = PBXFileReference; lastKnownFileType = image.png; path = "Icon-Small-50@2x.png"; sourceTree = "<group>"; };
		36C625081908721C0014F082 /* Icon-Small.png */ = {isa = PBXFileReference; lastKnownFileType = image.png; path = "Icon-Small.png"; sourceTree = "<group>"; };
		36C625091908721C0014F082 /* Icon-Small@2x.png */ = {isa = PBXFileReference; lastKnownFileType = image.png; path = "Icon-Small@2x.png"; sourceTree = "<group>"; };
		36C6250A1908721C0014F082 /* Icon.png */ = {isa = PBXFileReference; lastKnownFileType = image.png; path = Icon.png; sourceTree = "<group>"; };
		36C6250B1908721C0014F082 /* Icon@2x.png */ = {isa = PBXFileReference; lastKnownFileType = image.png; path = "Icon@2x.png"; sourceTree = "<group>"; };
		36C6250C1908721C0014F082 /* iTunesArtwork.png */ = {isa = PBXFileReference; lastKnownFileType = image.png; path = iTunesArtwork.png; sourceTree = "<group>"; };
		36C6250D1908721C0014F082 /* iTunesArtwork@2x.png */ = {isa = PBXFileReference; lastKnownFileType = image.png; path = "iTunesArtwork@2x.png"; sourceTree = "<group>"; };
		36C6251E19096A1F0014F082 /* ForumIcon.png */ = {isa = PBXFileReference; lastKnownFileType = image.png; path = ForumIcon.png; sourceTree = "<group>"; };
		36C6251F19096A1F0014F082 /* ForumIcon@2x.png */ = {isa = PBXFileReference; lastKnownFileType = image.png; path = "ForumIcon@2x.png"; sourceTree = "<group>"; };
		36CB28D518DA456C00476E15 /* MoneyAndTech.app */ = {isa = PBXFileReference; explicitFileType = wrapper.application; includeInIndex = 0; path = MoneyAndTech.app; sourceTree = BUILT_PRODUCTS_DIR; };
		36CB28D818DA456C00476E15 /* Foundation.framework */ = {isa = PBXFileReference; lastKnownFileType = wrapper.framework; name = Foundation.framework; path = System/Library/Frameworks/Foundation.framework; sourceTree = SDKROOT; };
		36CB28DA18DA456C00476E15 /* CoreGraphics.framework */ = {isa = PBXFileReference; lastKnownFileType = wrapper.framework; name = CoreGraphics.framework; path = System/Library/Frameworks/CoreGraphics.framework; sourceTree = SDKROOT; };
		36CB28DC18DA456C00476E15 /* UIKit.framework */ = {isa = PBXFileReference; lastKnownFileType = wrapper.framework; name = UIKit.framework; path = System/Library/Frameworks/UIKit.framework; sourceTree = SDKROOT; };
		36CB28E018DA456C00476E15 /* MoneyAndTech-Info.plist */ = {isa = PBXFileReference; lastKnownFileType = text.plist.xml; path = "MoneyAndTech-Info.plist"; sourceTree = "<group>"; };
		36CB28E218DA456C00476E15 /* en */ = {isa = PBXFileReference; lastKnownFileType = text.plist.strings; name = en; path = en.lproj/InfoPlist.strings; sourceTree = "<group>"; };
		36CB28E418DA456C00476E15 /* main.m */ = {isa = PBXFileReference; lastKnownFileType = sourcecode.c.objc; path = main.m; sourceTree = "<group>"; };
		36CB28E618DA456C00476E15 /* MoneyAndTech-Prefix.pch */ = {isa = PBXFileReference; lastKnownFileType = sourcecode.c.h; path = "MoneyAndTech-Prefix.pch"; sourceTree = "<group>"; };
		36CB28E718DA456C00476E15 /* RWAppDelegate.h */ = {isa = PBXFileReference; lastKnownFileType = sourcecode.c.h; path = RWAppDelegate.h; sourceTree = "<group>"; };
		36CB28E818DA456C00476E15 /* RWAppDelegate.m */ = {isa = PBXFileReference; lastKnownFileType = sourcecode.c.objc; path = RWAppDelegate.m; sourceTree = "<group>"; };
		36CB28EA18DA456C00476E15 /* Images.xcassets */ = {isa = PBXFileReference; lastKnownFileType = folder.assetcatalog; path = Images.xcassets; sourceTree = "<group>"; };
		36CB28F018DA456C00476E15 /* MoneyAndTechTests.xctest */ = {isa = PBXFileReference; explicitFileType = wrapper.cfbundle; includeInIndex = 0; path = MoneyAndTechTests.xctest; sourceTree = BUILT_PRODUCTS_DIR; };
		36CB28F118DA456C00476E15 /* XCTest.framework */ = {isa = PBXFileReference; lastKnownFileType = wrapper.framework; name = XCTest.framework; path = Library/Frameworks/XCTest.framework; sourceTree = DEVELOPER_DIR; };
		36CB28F918DA456C00476E15 /* MoneyAndTechTests-Info.plist */ = {isa = PBXFileReference; lastKnownFileType = text.plist.xml; path = "MoneyAndTechTests-Info.plist"; sourceTree = "<group>"; };
		36CB28FB18DA456C00476E15 /* en */ = {isa = PBXFileReference; lastKnownFileType = text.plist.strings; name = en; path = en.lproj/InfoPlist.strings; sourceTree = "<group>"; };
		36CB28FD18DA456C00476E15 /* MoneyAndTechTests.m */ = {isa = PBXFileReference; lastKnownFileType = sourcecode.c.objc; path = MoneyAndTechTests.m; sourceTree = "<group>"; };
		36CB290818DA460200476E15 /* RWArticlesViewController.h */ = {isa = PBXFileReference; fileEncoding = 4; lastKnownFileType = sourcecode.c.h; path = RWArticlesViewController.h; sourceTree = "<group>"; };
		36CB290918DA460200476E15 /* RWArticlesViewController.m */ = {isa = PBXFileReference; fileEncoding = 4; lastKnownFileType = sourcecode.c.objc; path = RWArticlesViewController.m; sourceTree = "<group>"; };
		36CB290B18DA461F00476E15 /* RWNewsViewController.h */ = {isa = PBXFileReference; fileEncoding = 4; lastKnownFileType = sourcecode.c.h; path = RWNewsViewController.h; sourceTree = "<group>"; };
		36CB290C18DA461F00476E15 /* RWNewsViewController.m */ = {isa = PBXFileReference; fileEncoding = 4; lastKnownFileType = sourcecode.c.objc; path = RWNewsViewController.m; sourceTree = "<group>"; };
		36CB290E18DA468000476E15 /* RWVideosViewController.h */ = {isa = PBXFileReference; fileEncoding = 4; lastKnownFileType = sourcecode.c.h; path = RWVideosViewController.h; sourceTree = "<group>"; };
		36CB290F18DA468000476E15 /* RWVideosViewController.m */ = {isa = PBXFileReference; fileEncoding = 4; lastKnownFileType = sourcecode.c.objc; path = RWVideosViewController.m; sourceTree = "<group>"; };
		36CB291818DB934A00476E15 /* VideosIcon.png */ = {isa = PBXFileReference; lastKnownFileType = image.png; path = VideosIcon.png; sourceTree = "<group>"; };
		36CB291918DB934A00476E15 /* VideosIcon@2x.png */ = {isa = PBXFileReference; lastKnownFileType = image.png; path = "VideosIcon@2x.png"; sourceTree = "<group>"; };
		36CB291C18DBBB3300476E15 /* ArticlesIcon.png */ = {isa = PBXFileReference; lastKnownFileType = image.png; path = ArticlesIcon.png; sourceTree = "<group>"; };
		36CB291D18DBBB3300476E15 /* ArticlesIcon@2x.png */ = {isa = PBXFileReference; lastKnownFileType = image.png; path = "ArticlesIcon@2x.png"; sourceTree = "<group>"; };
		36CB292018DBBF9E00476E15 /* NewsIcon.png */ = {isa = PBXFileReference; lastKnownFileType = image.png; path = NewsIcon.png; sourceTree = "<group>"; };
		36CB292118DBBF9E00476E15 /* NewsIcon@2x.png */ = {isa = PBXFileReference; lastKnownFileType = image.png; path = "NewsIcon@2x.png"; sourceTree = "<group>"; };
		36CFE7F71913FE9F00BE93C7 /* RWConfiguration.h */ = {isa = PBXFileReference; fileEncoding = 4; lastKnownFileType = sourcecode.c.h; path = RWConfiguration.h; sourceTree = "<group>"; };
		36CFE7F81913FE9F00BE93C7 /* RWConfiguration.m */ = {isa = PBXFileReference; fileEncoding = 4; lastKnownFileType = sourcecode.c.objc; path = RWConfiguration.m; sourceTree = "<group>"; };
		36E5256019255D1800214899 /* UIScrollView+SVPullToRefresh.h */ = {isa = PBXFileReference; fileEncoding = 4; lastKnownFileType = sourcecode.c.h; path = "UIScrollView+SVPullToRefresh.h"; sourceTree = "<group>"; };
		36E5256119255D1800214899 /* UIScrollView+SVPullToRefresh.m */ = {isa = PBXFileReference; fileEncoding = 4; lastKnownFileType = sourcecode.c.objc; path = "UIScrollView+SVPullToRefresh.m"; sourceTree = "<group>"; };
		36E5256B1925776E00214899 /* noise-light-gray@2x.png */ = {isa = PBXFileReference; lastKnownFileType = image.png; path = "noise-light-gray@2x.png"; sourceTree = "<group>"; };
		36E5256D19257C8200214899 /* noise-light-gray.png */ = {isa = PBXFileReference; lastKnownFileType = image.png; path = "noise-light-gray.png"; sourceTree = "<group>"; };
		36E5256F192585DD00214899 /* noise-light-blue@2x.png */ = {isa = PBXFileReference; lastKnownFileType = image.png; path = "noise-light-blue@2x.png"; sourceTree = "<group>"; };
		36E525731925A3B100214899 /* UILabel+updateFrame.h */ = {isa = PBXFileReference; fileEncoding = 4; lastKnownFileType = sourcecode.c.h; path = "UILabel+updateFrame.h"; sourceTree = "<group>"; };
		36E525741925A3B100214899 /* UILabel+updateFrame.m */ = {isa = PBXFileReference; fileEncoding = 4; lastKnownFileType = sourcecode.c.objc; path = "UILabel+updateFrame.m"; sourceTree = "<group>"; };
		36E525761926BAEE00214899 /* noise-light-blue.png */ = {isa = PBXFileReference; lastKnownFileType = image.png; path = "noise-light-blue.png"; sourceTree = "<group>"; };
		36F5393A19201FF900CC2442 /* RWPriceViewController.h */ = {isa = PBXFileReference; fileEncoding = 4; lastKnownFileType = sourcecode.c.h; path = RWPriceViewController.h; sourceTree = "<group>"; };
		36F5393B19201FF900CC2442 /* RWPriceViewController.m */ = {isa = PBXFileReference; fileEncoding = 4; lastKnownFileType = sourcecode.c.objc; path = RWPriceViewController.m; sourceTree = "<group>"; };
		36F5393D1920214A00CC2442 /* PriceIcon.png */ = {isa = PBXFileReference; lastKnownFileType = image.png; path = PriceIcon.png; sourceTree = "<group>"; };
		36F5393E1920214A00CC2442 /* PriceIcon@2x.png */ = {isa = PBXFileReference; lastKnownFileType = image.png; path = "PriceIcon@2x.png"; sourceTree = "<group>"; };
		36F5394119202B1600CC2442 /* UIViewController+ActivitySpinner.h */ = {isa = PBXFileReference; fileEncoding = 4; lastKnownFileType = sourcecode.c.h; path = "UIViewController+ActivitySpinner.h"; sourceTree = "<group>"; };
		36F5394219202B1600CC2442 /* UIViewController+ActivitySpinner.m */ = {isa = PBXFileReference; fileEncoding = 4; lastKnownFileType = sourcecode.c.objc; path = "UIViewController+ActivitySpinner.m"; sourceTree = "<group>"; };
		373E7C6795DD43FAB03D8DF2 /* libPods.a */ = {isa = PBXFileReference; explicitFileType = archive.ar; includeInIndex = 0; path = libPods.a; sourceTree = BUILT_PRODUCTS_DIR; };
		4A9E8A68522D44D5817CE441 /* Pods.xcconfig */ = {isa = PBXFileReference; includeInIndex = 1; lastKnownFileType = text.xcconfig; name = Pods.xcconfig; path = Pods/Pods.xcconfig; sourceTree = "<group>"; };
/* End PBXFileReference section */

/* Begin PBXFrameworksBuildPhase section */
		36CB28D218DA456C00476E15 /* Frameworks */ = {
			isa = PBXFrameworksBuildPhase;
			buildActionMask = 2147483647;
			files = (
				3607870B18F366480045AF0F /* Accounts.framework in Frameworks */,
				3607870418F35F570045AF0F /* SystemConfiguration.framework in Frameworks */,
				3607870218F35F4D0045AF0F /* StoreKit.framework in Frameworks */,
				3607870018F35F430045AF0F /* Security.framework in Frameworks */,
				360786FE18F35F370045AF0F /* QuartzCore.framework in Frameworks */,
				3607870618F365230045AF0F /* Parse.framework in Frameworks */,
				360786FC18F35F280045AF0F /* MobileCoreServices.framework in Frameworks */,
				360786FA18F35F1F0045AF0F /* libz.dylib in Frameworks */,
				360786F818F35F130045AF0F /* CoreLocation.framework in Frameworks */,
				36CB28DB18DA456C00476E15 /* CoreGraphics.framework in Frameworks */,
				360786F618F35EF90045AF0F /* CFNetwork.framework in Frameworks */,
				360786F418F35EED0045AF0F /* AudioToolbox.framework in Frameworks */,
				360786E418E8B29F0045AF0F /* libxml2.2.dylib in Frameworks */,
				36CB28DD18DA456C00476E15 /* UIKit.framework in Frameworks */,
				36CB28D918DA456C00476E15 /* Foundation.framework in Frameworks */,
				8290320DE6544096B77AB564 /* libPods.a in Frameworks */,
			);
			runOnlyForDeploymentPostprocessing = 0;
		};
		36CB28ED18DA456C00476E15 /* Frameworks */ = {
			isa = PBXFrameworksBuildPhase;
			buildActionMask = 2147483647;
			files = (
				36CB28F218DA456C00476E15 /* XCTest.framework in Frameworks */,
				36CB28F418DA456C00476E15 /* UIKit.framework in Frameworks */,
				36CB28F318DA456C00476E15 /* Foundation.framework in Frameworks */,
			);
			runOnlyForDeploymentPostprocessing = 0;
		};
/* End PBXFrameworksBuildPhase section */

/* Begin PBXGroup section */
		3607869118E6010D0045AF0F /* Resources */ = {
			isa = PBXGroup;
			children = (
				360B128C1927042D0033BEF3 /* priceDownArrow.png */,
				360B128D1927042D0033BEF3 /* priceUpArrow.png */,
				363BA3EC1918489B00277708 /* LaunchImageIPad.png */,
				363BA3ED1918489B00277708 /* LaunchImageIPad@2x.png */,
				363BA3EE1918489B00277708 /* LaunchImageIPhone4inch.png */,
				363BA3EF1918489B00277708 /* LaunchImageIPhone35Inch.png */,
				36C624FE1908721C0014F082 /* Icon-40.png */,
				36C624FF1908721C0014F082 /* Icon-40@2x.png */,
				36C625011908721C0014F082 /* Icon-60@2x.png */,
				36C625001908721C0014F082 /* Icon-60.png */,
				36C625021908721C0014F082 /* Icon-72.png */,
				36C625031908721C0014F082 /* Icon-72@2x.png */,
				36C625041908721C0014F082 /* Icon-76.png */,
				36C625051908721C0014F082 /* Icon-76@2x.png */,
				36C625061908721C0014F082 /* Icon-Small-50.png */,
				36C625071908721C0014F082 /* Icon-Small-50@2x.png */,
				36C625081908721C0014F082 /* Icon-Small.png */,
				36C625091908721C0014F082 /* Icon-Small@2x.png */,
				36C6250A1908721C0014F082 /* Icon.png */,
				36C6250B1908721C0014F082 /* Icon@2x.png */,
				36C6250C1908721C0014F082 /* iTunesArtwork.png */,
				36C6250D1908721C0014F082 /* iTunesArtwork@2x.png */,
				36C624FC190858210014F082 /* ocraextended.ttf */,
				36CB291818DB934A00476E15 /* VideosIcon.png */,
				36CB291918DB934A00476E15 /* VideosIcon@2x.png */,
				36CB291C18DBBB3300476E15 /* ArticlesIcon.png */,
				36CB291D18DBBB3300476E15 /* ArticlesIcon@2x.png */,
				36CB292018DBBF9E00476E15 /* NewsIcon.png */,
				36CB292118DBBF9E00476E15 /* NewsIcon@2x.png */,
				36C6251E19096A1F0014F082 /* ForumIcon.png */,
				36C6251F19096A1F0014F082 /* ForumIcon@2x.png */,
				367406D7191AF17100D78C8E /* ChartsIcon.png */,
				367406D8191AF17100D78C8E /* ChartsIcon@2x.png */,
				36F5393D1920214A00CC2442 /* PriceIcon.png */,
				36F5393E1920214A00CC2442 /* PriceIcon@2x.png */,
				365895E119118D18005FAD8A /* tabBarButtonBackground.png */,
				365895E219118D18005FAD8A /* tabBarButtonBackground@2x.png */,
				365282F31921816E00D50F0A /* LeftChartArrow.png */,
				365282F41921816E00D50F0A /* LeftChartArrow@2x.png */,
				365282F51921816E00D50F0A /* RightChartArrow.png */,
				365282F61921816E00D50F0A /* RightChartArrow@2x.png */,
				36E525761926BAEE00214899 /* noise-light-blue.png */,
				36E5256F192585DD00214899 /* noise-light-blue@2x.png */,
				36E5256D19257C8200214899 /* noise-light-gray.png */,
				36E5256B1925776E00214899 /* noise-light-gray@2x.png */,
			);
			name = Resources;
			sourceTree = "<group>";
		};
		3607869818E684A10045AF0F /* WebSections */ = {
			isa = PBXGroup;
			children = (
				3607869518E607E50045AF0F /* RWWebSectionViewController.h */,
				3607869618E607E50045AF0F /* RWWebSectionViewController.m */,
				36CB290E18DA468000476E15 /* RWVideosViewController.h */,
				36CB290F18DA468000476E15 /* RWVideosViewController.m */,
				36CB290818DA460200476E15 /* RWArticlesViewController.h */,
				36CB290918DA460200476E15 /* RWArticlesViewController.m */,
				36CB290B18DA461F00476E15 /* RWNewsViewController.h */,
				36CB290C18DA461F00476E15 /* RWNewsViewController.m */,
				3607869218E607040045AF0F /* RWForumViewController.h */,
				3607869318E607040045AF0F /* RWForumViewController.m */,
			);
			name = WebSections;
			sourceTree = "<group>";
		};
		3607869918E684BD0045AF0F /* Navigation */ = {
			isa = PBXGroup;
			children = (
				3607869A18E685450045AF0F /* RWNavigationController.h */,
				3607869B18E685450045AF0F /* RWNavigationController.m */,
				360786E818EA1A9A0045AF0F /* RWExternalWebViewController.h */,
				360786E918EA1A9A0045AF0F /* RWExternalWebViewController.m */,
			);
			name = Navigation;
			sourceTree = "<group>";
		};
		360786A318E762400045AF0F /* Network */ = {
			isa = PBXGroup;
			children = (
				360786A018E7611D0045AF0F /* RWAFHTTPRequestOperationManager.h */,
				360786A118E7611D0045AF0F /* RWAFHTTPRequestOperationManager.m */,
				367406F3191D7DE000D78C8E /* RWChartDataManager.h */,
				367406F4191D7DE000D78C8E /* RWChartDataManager.m */,
				367CE88F192301010078B8F5 /* RWChartDataStatsExtractor.h */,
				367CE890192301010078B8F5 /* RWChartDataStatsExtractor.m */,
			);
			name = Network;
			sourceTree = "<group>";
		};
		360786A418E8B2640045AF0F /* hpple */ = {
			isa = PBXGroup;
			children = (
				360786BB18E8B2640045AF0F /* TFHpple.h */,
				360786BC18E8B2640045AF0F /* TFHpple.m */,
				360786BD18E8B2640045AF0F /* TFHppleElement.h */,
				360786BE18E8B2640045AF0F /* TFHppleElement.m */,
				360786C618E8B2640045AF0F /* XPathQuery.h */,
				360786C718E8B2640045AF0F /* XPathQuery.m */,
			);
			path = hpple;
			sourceTree = "<group>";
		};
		367406DD191AF55300D78C8E /* ios-linechart */ = {
			isa = PBXGroup;
			children = (
				367406E7191AF58B00D78C8E /* LineChart.h */,
				367406E1191AF57100D78C8E /* LCInfoView.h */,
				367406E2191AF57100D78C8E /* LCInfoView.m */,
				367406E3191AF57100D78C8E /* LCLegendView.h */,
				367406E4191AF57100D78C8E /* LCLegendView.m */,
				367406DE191AF55D00D78C8E /* LCLineChartView.h */,
				367406DF191AF55D00D78C8E /* LCLineChartView.m */,
			);
			name = "ios-linechart";
			sourceTree = "<group>";
		};
		367406EE191B0F1300D78C8E /* Charts */ = {
			isa = PBXGroup;
			children = (
				367406D4191AF0FE00D78C8E /* RWChartsViewController.h */,
				367406D5191AF0FE00D78C8E /* RWChartsViewController.m */,
				36F5393A19201FF900CC2442 /* RWPriceViewController.h */,
				36F5393B19201FF900CC2442 /* RWPriceViewController.m */,
				365282FB19219BD300D50F0A /* RWXAxisView.h */,
				365282FC19219BD300D50F0A /* RWXAxisView.m */,
				367CE8921923184E0078B8F5 /* RWStatisticsView.h */,
				367CE8931923184E0078B8F5 /* RWStatisticsView.m */,
			);
			name = Charts;
			sourceTree = "<group>";
		};
		367406EF191B118B00D78C8E /* charts */ = {
			isa = PBXGroup;
			children = (
				367406F0191B119C00D78C8E /* RWChart.h */,
				367406F1191B119C00D78C8E /* RWChart.m */,
				367406E8191AF87B00D78C8E /* RWChartDataItem.h */,
				367406E9191AF87B00D78C8E /* RWChartDataItem.m */,
			);
			name = charts;
			sourceTree = "<group>";
		};
		36C624EF1901C3E40014F082 /* Model */ = {
			isa = PBXGroup;
			children = (
				367406EF191B118B00D78C8E /* charts */,
				36C624F01901C3F60014F082 /* RWPost.h */,
				36C624F11901C3F60014F082 /* RWPost.m */,
				36C624F31901C46A0014F082 /* RWVideoPost.h */,
				36C624F41901C46A0014F082 /* RWVideoPost.m */,
				36C624F61901C4770014F082 /* RWArticlePost.h */,
				36C624F71901C4770014F082 /* RWArticlePost.m */,
				36C624F91901C4880014F082 /* RWNewsPost.h */,
				36C624FA1901C4880014F082 /* RWNewsPost.m */,
				36CFE7F71913FE9F00BE93C7 /* RWConfiguration.h */,
				36CFE7F81913FE9F00BE93C7 /* RWConfiguration.m */,
			);
			name = Model;
			sourceTree = "<group>";
		};
		36CB28CC18DA456C00476E15 = {
			isa = PBXGroup;
			children = (
				36CB28DE18DA456C00476E15 /* MoneyAndTech */,
				36CB28F718DA456C00476E15 /* MoneyAndTechTests */,
				36CB28D718DA456C00476E15 /* Frameworks */,
				36CB28D618DA456C00476E15 /* Products */,
				4A9E8A68522D44D5817CE441 /* Pods.xcconfig */,
			);
			sourceTree = "<group>";
		};
		36CB28D618DA456C00476E15 /* Products */ = {
			isa = PBXGroup;
			children = (
				36CB28D518DA456C00476E15 /* MoneyAndTech.app */,
				36CB28F018DA456C00476E15 /* MoneyAndTechTests.xctest */,
			);
			name = Products;
			sourceTree = "<group>";
		};
		36CB28D718DA456C00476E15 /* Frameworks */ = {
			isa = PBXGroup;
			children = (
				367406DD191AF55300D78C8E /* ios-linechart */,
				362048F71909C4CC00A1C10C /* Reachability.h */,
				362048F81909C4CC00A1C10C /* Reachability.m */,
				3607870718F3656F0045AF0F /* Accounts.framework */,
				3607870518F365230045AF0F /* Parse.framework */,
				3607870318F35F570045AF0F /* SystemConfiguration.framework */,
				3607870118F35F4D0045AF0F /* StoreKit.framework */,
				360786FF18F35F430045AF0F /* Security.framework */,
				360786FD18F35F370045AF0F /* QuartzCore.framework */,
				360786FB18F35F280045AF0F /* MobileCoreServices.framework */,
				360786F918F35F1F0045AF0F /* libz.dylib */,
				360786F718F35F130045AF0F /* CoreLocation.framework */,
				360786F518F35EF90045AF0F /* CFNetwork.framework */,
				360786F318F35EED0045AF0F /* AudioToolbox.framework */,
				360786E318E8B29F0045AF0F /* libxml2.2.dylib */,
				360786A418E8B2640045AF0F /* hpple */,
				36CB28D818DA456C00476E15 /* Foundation.framework */,
				36CB28DA18DA456C00476E15 /* CoreGraphics.framework */,
				36CB28DC18DA456C00476E15 /* UIKit.framework */,
				36CB28F118DA456C00476E15 /* XCTest.framework */,
				373E7C6795DD43FAB03D8DF2 /* libPods.a */,
			);
			name = Frameworks;
			sourceTree = "<group>";
		};
		36CB28DE18DA456C00476E15 /* MoneyAndTech */ = {
			isa = PBXGroup;
			children = (
				36C624EF1901C3E40014F082 /* Model */,
				3607869118E6010D0045AF0F /* Resources */,
				36CB291418DB8E3A00476E15 /* Helpers */,
				360786A318E762400045AF0F /* Network */,
				36CB290718DA45EE00476E15 /* View */,
				36CB28E718DA456C00476E15 /* RWAppDelegate.h */,
				36CB28E818DA456C00476E15 /* RWAppDelegate.m */,
				36CB28EA18DA456C00476E15 /* Images.xcassets */,
				36CB28DF18DA456C00476E15 /* Supporting Files */,
			);
			path = MoneyAndTech;
			sourceTree = "<group>";
		};
		36CB28DF18DA456C00476E15 /* Supporting Files */ = {
			isa = PBXGroup;
			children = (
				36CB28E018DA456C00476E15 /* MoneyAndTech-Info.plist */,
				36CB28E118DA456C00476E15 /* InfoPlist.strings */,
				36CB28E418DA456C00476E15 /* main.m */,
				36CB28E618DA456C00476E15 /* MoneyAndTech-Prefix.pch */,
			);
			name = "Supporting Files";
			sourceTree = "<group>";
		};
		36CB28F718DA456C00476E15 /* MoneyAndTechTests */ = {
			isa = PBXGroup;
			children = (
				36CB28FD18DA456C00476E15 /* MoneyAndTechTests.m */,
				36CB28F818DA456C00476E15 /* Supporting Files */,
			);
			path = MoneyAndTechTests;
			sourceTree = "<group>";
		};
		36CB28F818DA456C00476E15 /* Supporting Files */ = {
			isa = PBXGroup;
			children = (
				36CB28F918DA456C00476E15 /* MoneyAndTechTests-Info.plist */,
				36CB28FA18DA456C00476E15 /* InfoPlist.strings */,
			);
			name = "Supporting Files";
			sourceTree = "<group>";
		};
		36CB290718DA45EE00476E15 /* View */ = {
			isa = PBXGroup;
			children = (
				367406EE191B0F1300D78C8E /* Charts */,
				3607869918E684BD0045AF0F /* Navigation */,
				3607869818E684A10045AF0F /* WebSections */,
			);
			name = View;
			sourceTree = "<group>";
		};
		36CB291418DB8E3A00476E15 /* Helpers */ = {
			isa = PBXGroup;
			children = (
				3607870918F365EC0045AF0F /* FBMissingSymbols.m */,
				360786EB18F330240045AF0F /* UIScrollView+SVInfiniteScrolling.h */,
				360786EC18F330240045AF0F /* UIScrollView+SVInfiniteScrolling.m */,
				36E5256019255D1800214899 /* UIScrollView+SVPullToRefresh.h */,
				36E5256119255D1800214899 /* UIScrollView+SVPullToRefresh.m */,
				360786E518E8B3CE0045AF0F /* RWXPathStripper.h */,
				360786E618E8B3CE0045AF0F /* RWXPathStripper.m */,
				36F5394119202B1600CC2442 /* UIViewController+ActivitySpinner.h */,
				36F5394219202B1600CC2442 /* UIViewController+ActivitySpinner.m */,
				36E525731925A3B100214899 /* UILabel+updateFrame.h */,
				36E525741925A3B100214899 /* UILabel+updateFrame.m */,
			);
			name = Helpers;
			sourceTree = "<group>";
		};
/* End PBXGroup section */

/* Begin PBXNativeTarget section */
		36CB28D418DA456C00476E15 /* MoneyAndTech */ = {
			isa = PBXNativeTarget;
			buildConfigurationList = 36CB290118DA456C00476E15 /* Build configuration list for PBXNativeTarget "MoneyAndTech" */;
			buildPhases = (
				BF4408B2D9934F29A5E540F0 /* Check Pods Manifest.lock */,
				36CB28D118DA456C00476E15 /* Sources */,
				36CB28D218DA456C00476E15 /* Frameworks */,
				36CB28D318DA456C00476E15 /* Resources */,
				7D0DB06B5E3E4CB889B59C53 /* Copy Pods Resources */,
			);
			buildRules = (
			);
			dependencies = (
			);
			name = MoneyAndTech;
			productName = MoneyAndTech;
			productReference = 36CB28D518DA456C00476E15 /* MoneyAndTech.app */;
			productType = "com.apple.product-type.application";
		};
		36CB28EF18DA456C00476E15 /* MoneyAndTechTests */ = {
			isa = PBXNativeTarget;
			buildConfigurationList = 36CB290418DA456C00476E15 /* Build configuration list for PBXNativeTarget "MoneyAndTechTests" */;
			buildPhases = (
				36CB28EC18DA456C00476E15 /* Sources */,
				36CB28ED18DA456C00476E15 /* Frameworks */,
				36CB28EE18DA456C00476E15 /* Resources */,
			);
			buildRules = (
			);
			dependencies = (
				36CB28F618DA456C00476E15 /* PBXTargetDependency */,
			);
			name = MoneyAndTechTests;
			productName = MoneyAndTechTests;
			productReference = 36CB28F018DA456C00476E15 /* MoneyAndTechTests.xctest */;
			productType = "com.apple.product-type.bundle.unit-test";
		};
/* End PBXNativeTarget section */

/* Begin PBXProject section */
		36CB28CD18DA456C00476E15 /* Project object */ = {
			isa = PBXProject;
			attributes = {
				CLASSPREFIX = RW;
				LastUpgradeCheck = 0510;
				ORGANIZATIONNAME = "Robert Wagstaff";
				TargetAttributes = {
					36CB28D418DA456C00476E15 = {
						DevelopmentTeam = G52BLHGDV4;
					};
					36CB28EF18DA456C00476E15 = {
						TestTargetID = 36CB28D418DA456C00476E15;
					};
				};
			};
			buildConfigurationList = 36CB28D018DA456C00476E15 /* Build configuration list for PBXProject "MoneyAndTech" */;
			compatibilityVersion = "Xcode 3.2";
			developmentRegion = English;
			hasScannedForEncodings = 0;
			knownRegions = (
				en,
			);
			mainGroup = 36CB28CC18DA456C00476E15;
			productRefGroup = 36CB28D618DA456C00476E15 /* Products */;
			projectDirPath = "";
			projectRoot = "";
			targets = (
				36CB28D418DA456C00476E15 /* MoneyAndTech */,
				36CB28EF18DA456C00476E15 /* MoneyAndTechTests */,
			);
		};
/* End PBXProject section */

/* Begin PBXResourcesBuildPhase section */
		36CB28D318DA456C00476E15 /* Resources */ = {
			isa = PBXResourcesBuildPhase;
			buildActionMask = 2147483647;
			files = (
				36CB291E18DBBB3300476E15 /* ArticlesIcon.png in Resources */,
				36C625141908721C0014F082 /* Icon-76.png in Resources */,
				36CB28E318DA456C00476E15 /* InfoPlist.strings in Resources */,
				36C625161908721C0014F082 /* Icon-Small-50.png in Resources */,
				363BA3F21918489B00277708 /* LaunchImageIPhone4inch.png in Resources */,
				36C625131908721C0014F082 /* Icon-72@2x.png in Resources */,
				36C6251B1908721C0014F082 /* Icon@2x.png in Resources */,
				363BA3F01918489B00277708 /* LaunchImageIPad.png in Resources */,
				36E525771926BAEE00214899 /* noise-light-blue.png in Resources */,
				360B128E1927042D0033BEF3 /* priceDownArrow.png in Resources */,
				36F5393F1920214A00CC2442 /* PriceIcon.png in Resources */,
				360B128F1927042D0033BEF3 /* priceUpArrow.png in Resources */,
				36C6251C1908721C0014F082 /* iTunesArtwork.png in Resources */,
				367406D9191AF17100D78C8E /* ChartsIcon.png in Resources */,
				36C625111908721C0014F082 /* Icon-60@2x.png in Resources */,
				36C625191908721C0014F082 /* Icon-Small@2x.png in Resources */,
				36C625101908721C0014F082 /* Icon-60.png in Resources */,
				36C6251A1908721C0014F082 /* Icon.png in Resources */,
				36C6251D1908721C0014F082 /* iTunesArtwork@2x.png in Resources */,
				36E52570192585DD00214899 /* noise-light-blue@2x.png in Resources */,
				36C625151908721C0014F082 /* Icon-76@2x.png in Resources */,
				36E5256E19257C8200214899 /* noise-light-gray.png in Resources */,
				365282F91921816E00D50F0A /* RightChartArrow.png in Resources */,
				36C625181908721C0014F082 /* Icon-Small.png in Resources */,
				36C6252019096A1F0014F082 /* ForumIcon.png in Resources */,
				363BA3F11918489B00277708 /* LaunchImageIPad@2x.png in Resources */,
				367406DA191AF17100D78C8E /* ChartsIcon@2x.png in Resources */,
				36C625171908721C0014F082 /* Icon-Small-50@2x.png in Resources */,
				36C624FD190858210014F082 /* ocraextended.ttf in Resources */,
				36E5256C1925776E00214899 /* noise-light-gray@2x.png in Resources */,
				36C6252119096A1F0014F082 /* ForumIcon@2x.png in Resources */,
				365282F81921816E00D50F0A /* LeftChartArrow@2x.png in Resources */,
				363BA3F31918489B00277708 /* LaunchImageIPhone35Inch.png in Resources */,
				36C625121908721C0014F082 /* Icon-72.png in Resources */,
				365895E319118D18005FAD8A /* tabBarButtonBackground.png in Resources */,
				36CB292318DBBF9E00476E15 /* NewsIcon@2x.png in Resources */,
				36C6250F1908721C0014F082 /* Icon-40@2x.png in Resources */,
				365282F71921816E00D50F0A /* LeftChartArrow.png in Resources */,
				36C6250E1908721C0014F082 /* Icon-40.png in Resources */,
				36F539401920214A00CC2442 /* PriceIcon@2x.png in Resources */,
				36CB291F18DBBB3300476E15 /* ArticlesIcon@2x.png in Resources */,
				365895E419118D18005FAD8A /* tabBarButtonBackground@2x.png in Resources */,
				36CB292218DBBF9E00476E15 /* NewsIcon.png in Resources */,
				36CB291B18DB934A00476E15 /* VideosIcon@2x.png in Resources */,
				36CB28EB18DA456C00476E15 /* Images.xcassets in Resources */,
				365282FA1921816E00D50F0A /* RightChartArrow@2x.png in Resources */,
				36CB291A18DB934A00476E15 /* VideosIcon.png in Resources */,
			);
			runOnlyForDeploymentPostprocessing = 0;
		};
		36CB28EE18DA456C00476E15 /* Resources */ = {
			isa = PBXResourcesBuildPhase;
			buildActionMask = 2147483647;
			files = (
				36CB28FC18DA456C00476E15 /* InfoPlist.strings in Resources */,
			);
			runOnlyForDeploymentPostprocessing = 0;
		};
/* End PBXResourcesBuildPhase section */

/* Begin PBXShellScriptBuildPhase section */
		7D0DB06B5E3E4CB889B59C53 /* Copy Pods Resources */ = {
			isa = PBXShellScriptBuildPhase;
			buildActionMask = 2147483647;
			files = (
			);
			inputPaths = (
			);
			name = "Copy Pods Resources";
			outputPaths = (
			);
			runOnlyForDeploymentPostprocessing = 0;
			shellPath = /bin/sh;
			shellScript = "\"${SRCROOT}/Pods/Pods-resources.sh\"\n";
			showEnvVarsInLog = 0;
		};
		BF4408B2D9934F29A5E540F0 /* Check Pods Manifest.lock */ = {
			isa = PBXShellScriptBuildPhase;
			buildActionMask = 2147483647;
			files = (
			);
			inputPaths = (
			);
			name = "Check Pods Manifest.lock";
			outputPaths = (
			);
			runOnlyForDeploymentPostprocessing = 0;
			shellPath = /bin/sh;
			shellScript = "diff \"${PODS_ROOT}/../Podfile.lock\" \"${PODS_ROOT}/Manifest.lock\" > /dev/null\nif [[ $? != 0 ]] ; then\n    cat << EOM\nerror: The sandbox is not in sync with the Podfile.lock. Run 'pod install' or update your CocoaPods installation.\nEOM\n    exit 1\nfi\n";
			showEnvVarsInLog = 0;
		};
/* End PBXShellScriptBuildPhase section */

/* Begin PBXSourcesBuildPhase section */
		36CB28D118DA456C00476E15 /* Sources */ = {
			isa = PBXSourcesBuildPhase;
			buildActionMask = 2147483647;
			files = (
				360786DC18E8B2640045AF0F /* XPathQuery.m in Sources */,
				36C624FB1901C4880014F082 /* RWNewsPost.m in Sources */,
				367406F2191B119C00D78C8E /* RWChart.m in Sources */,
				365282FD19219BD300D50F0A /* RWXAxisView.m in Sources */,
				36F5393C19201FF900CC2442 /* RWPriceViewController.m in Sources */,
				360786EA18EA1A9A0045AF0F /* RWExternalWebViewController.m in Sources */,
				36CB28E518DA456C00476E15 /* main.m in Sources */,
				36E525751925A3B100214899 /* UILabel+updateFrame.m in Sources */,
				367406F5191D7DE000D78C8E /* RWChartDataManager.m in Sources */,
				3607869718E607E50045AF0F /* RWWebSectionViewController.m in Sources */,
				360786D618E8B2640045AF0F /* TFHppleElement.m in Sources */,
				367406E0191AF55D00D78C8E /* LCLineChartView.m in Sources */,
				36C624F21901C3F60014F082 /* RWPost.m in Sources */,
				3607870A18F365EC0045AF0F /* FBMissingSymbols.m in Sources */,
				3607869C18E685450045AF0F /* RWNavigationController.m in Sources */,
				360786E718E8B3CE0045AF0F /* RWXPathStripper.m in Sources */,
				36C624F51901C46A0014F082 /* RWVideoPost.m in Sources */,
				367406E6191AF57100D78C8E /* LCLegendView.m in Sources */,
				36CFE7F91913FE9F00BE93C7 /* RWConfiguration.m in Sources */,
				367406D6191AF0FE00D78C8E /* RWChartsViewController.m in Sources */,
				360786A218E7611D0045AF0F /* RWAFHTTPRequestOperationManager.m in Sources */,
				367406EA191AF87B00D78C8E /* RWChartDataItem.m in Sources */,
				36C624F81901C4770014F082 /* RWArticlePost.m in Sources */,
				367CE891192301010078B8F5 /* RWChartDataStatsExtractor.m in Sources */,
				36F5394319202B1600CC2442 /* UIViewController+ActivitySpinner.m in Sources */,
				367406E5191AF57100D78C8E /* LCInfoView.m in Sources */,
				362048F91909C4CC00A1C10C /* Reachability.m in Sources */,
				360786D518E8B2640045AF0F /* TFHpple.m in Sources */,
				36CB291018DA468000476E15 /* RWVideosViewController.m in Sources */,
				3607869418E607040045AF0F /* RWForumViewController.m in Sources */,
				36CB28E918DA456C00476E15 /* RWAppDelegate.m in Sources */,
				367CE8941923184E0078B8F5 /* RWStatisticsView.m in Sources */,
				36E5256219255D1800214899 /* UIScrollView+SVPullToRefresh.m in Sources */,
				36CB290D18DA461F00476E15 /* RWNewsViewController.m in Sources */,
				36CB290A18DA460200476E15 /* RWArticlesViewController.m in Sources */,
				360786ED18F330240045AF0F /* UIScrollView+SVInfiniteScrolling.m in Sources */,
			);
			runOnlyForDeploymentPostprocessing = 0;
		};
		36CB28EC18DA456C00476E15 /* Sources */ = {
			isa = PBXSourcesBuildPhase;
			buildActionMask = 2147483647;
			files = (
				36CB28FE18DA456C00476E15 /* MoneyAndTechTests.m in Sources */,
			);
			runOnlyForDeploymentPostprocessing = 0;
		};
/* End PBXSourcesBuildPhase section */

/* Begin PBXTargetDependency section */
		36CB28F618DA456C00476E15 /* PBXTargetDependency */ = {
			isa = PBXTargetDependency;
			target = 36CB28D418DA456C00476E15 /* MoneyAndTech */;
			targetProxy = 36CB28F518DA456C00476E15 /* PBXContainerItemProxy */;
		};
/* End PBXTargetDependency section */

/* Begin PBXVariantGroup section */
		36CB28E118DA456C00476E15 /* InfoPlist.strings */ = {
			isa = PBXVariantGroup;
			children = (
				36CB28E218DA456C00476E15 /* en */,
			);
			name = InfoPlist.strings;
			sourceTree = "<group>";
		};
		36CB28FA18DA456C00476E15 /* InfoPlist.strings */ = {
			isa = PBXVariantGroup;
			children = (
				36CB28FB18DA456C00476E15 /* en */,
			);
			name = InfoPlist.strings;
			sourceTree = "<group>";
		};
/* End PBXVariantGroup section */

/* Begin XCBuildConfiguration section */
		36CB28FF18DA456C00476E15 /* Debug */ = {
			isa = XCBuildConfiguration;
			buildSettings = {
				ALWAYS_SEARCH_USER_PATHS = NO;
				CLANG_CXX_LANGUAGE_STANDARD = "gnu++0x";
				CLANG_CXX_LIBRARY = "libc++";
				CLANG_ENABLE_MODULES = YES;
				CLANG_ENABLE_OBJC_ARC = YES;
				CLANG_WARN_BOOL_CONVERSION = YES;
				CLANG_WARN_CONSTANT_CONVERSION = YES;
				CLANG_WARN_DIRECT_OBJC_ISA_USAGE = YES_ERROR;
				CLANG_WARN_EMPTY_BODY = YES;
				CLANG_WARN_ENUM_CONVERSION = YES;
				CLANG_WARN_INT_CONVERSION = YES;
				CLANG_WARN_OBJC_ROOT_CLASS = YES_ERROR;
				CLANG_WARN__DUPLICATE_METHOD_MATCH = YES;
				CODE_SIGN_IDENTITY = "iPhone Developer: Robert Wagstaff (8ELYU7XP26)";
				"CODE_SIGN_IDENTITY[sdk=iphoneos*]" = "iPhone Developer: Robert Wagstaff (8ELYU7XP26)";
				COPY_PHASE_STRIP = NO;
				GCC_C_LANGUAGE_STANDARD = gnu99;
				GCC_DYNAMIC_NO_PIC = NO;
				GCC_OPTIMIZATION_LEVEL = 0;
				GCC_PREPROCESSOR_DEFINITIONS = (
					"DEBUG=1",
					"$(inherited)",
				);
				GCC_SYMBOLS_PRIVATE_EXTERN = NO;
				GCC_WARN_64_TO_32_BIT_CONVERSION = YES;
				GCC_WARN_ABOUT_RETURN_TYPE = YES_ERROR;
				GCC_WARN_UNDECLARED_SELECTOR = YES;
				GCC_WARN_UNINITIALIZED_AUTOS = YES;
				GCC_WARN_UNUSED_FUNCTION = YES;
				GCC_WARN_UNUSED_VARIABLE = YES;
				IPHONEOS_DEPLOYMENT_TARGET = 7.0;
				ONLY_ACTIVE_ARCH = YES;
				SDKROOT = iphoneos;
				TARGETED_DEVICE_FAMILY = "1,2";
			};
			name = Debug;
		};
		36CB290018DA456C00476E15 /* Release */ = {
			isa = XCBuildConfiguration;
			buildSettings = {
				ALWAYS_SEARCH_USER_PATHS = NO;
				CLANG_CXX_LANGUAGE_STANDARD = "gnu++0x";
				CLANG_CXX_LIBRARY = "libc++";
				CLANG_ENABLE_MODULES = YES;
				CLANG_ENABLE_OBJC_ARC = YES;
				CLANG_WARN_BOOL_CONVERSION = YES;
				CLANG_WARN_CONSTANT_CONVERSION = YES;
				CLANG_WARN_DIRECT_OBJC_ISA_USAGE = YES_ERROR;
				CLANG_WARN_EMPTY_BODY = YES;
				CLANG_WARN_ENUM_CONVERSION = YES;
				CLANG_WARN_INT_CONVERSION = YES;
				CLANG_WARN_OBJC_ROOT_CLASS = YES_ERROR;
				CLANG_WARN__DUPLICATE_METHOD_MATCH = YES;
				"CODE_SIGN_IDENTITY[sdk=iphoneos*]" = "iPhone Developer";
				COPY_PHASE_STRIP = YES;
				ENABLE_NS_ASSERTIONS = NO;
				GCC_C_LANGUAGE_STANDARD = gnu99;
				GCC_WARN_64_TO_32_BIT_CONVERSION = YES;
				GCC_WARN_ABOUT_RETURN_TYPE = YES_ERROR;
				GCC_WARN_UNDECLARED_SELECTOR = YES;
				GCC_WARN_UNINITIALIZED_AUTOS = YES;
				GCC_WARN_UNUSED_FUNCTION = YES;
				GCC_WARN_UNUSED_VARIABLE = YES;
				IPHONEOS_DEPLOYMENT_TARGET = 7.0;
				SDKROOT = iphoneos;
				TARGETED_DEVICE_FAMILY = "1,2";
				VALIDATE_PRODUCT = YES;
			};
			name = Release;
		};
		36CB290218DA456C00476E15 /* Debug */ = {
			isa = XCBuildConfiguration;
			baseConfigurationReference = 4A9E8A68522D44D5817CE441 /* Pods.xcconfig */;
			buildSettings = {
				ASSETCATALOG_COMPILER_APPICON_NAME = AppIcon;
				ASSETCATALOG_COMPILER_LAUNCHIMAGE_NAME = LaunchImage;
				CODE_SIGN_IDENTITY = "iPhone Developer: Robert Wagstaff (8ELYU7XP26)";
				"CODE_SIGN_IDENTITY[sdk=iphoneos*]" = "iPhone Developer: Robert Wagstaff (8ELYU7XP26)";
				FRAMEWORK_SEARCH_PATHS = (
					"$(inherited)",
					/Users/robertwagstaff/work/workspace/MoneyAndTech,
				);
				GCC_PRECOMPILE_PREFIX_HEADER = YES;
				GCC_PREFIX_HEADER = "MoneyAndTech/MoneyAndTech-Prefix.pch";
				HEADER_SEARCH_PATHS = (
					"\"${PODS_ROOT}/Headers\"",
					"\"${PODS_ROOT}/Headers/AFNetworking\"",
					"\"${PODS_ROOT}/Headers/MBProgressHUD\"",
					"\"$(SDKROOT)/usr/include/libxml2\"",
				);
				INFOPLIST_FILE = "MoneyAndTech/MoneyAndTech-Info.plist";
				OTHER_LDFLAGS = (
					"-framework",
					CoreGraphics,
					"-framework",
					MobileCoreServices,
					"-framework",
					Security,
					"-framework",
					SystemConfiguration,
				);
				PRODUCT_NAME = MoneyAndTech;
				PROVISIONING_PROFILE = "1716F5A9-983F-4413-94C2-754B2AFC79B1";
				WRAPPER_EXTENSION = app;
			};
			name = Debug;
		};
		36CB290318DA456C00476E15 /* Release */ = {
			isa = XCBuildConfiguration;
			baseConfigurationReference = 4A9E8A68522D44D5817CE441 /* Pods.xcconfig */;
			buildSettings = {
				ASSETCATALOG_COMPILER_APPICON_NAME = AppIcon;
				ASSETCATALOG_COMPILER_LAUNCHIMAGE_NAME = LaunchImage;
				CODE_SIGN_IDENTITY = "iPhone Distribution: Robert Wagstaff (G52BLHGDV4)";
				"CODE_SIGN_IDENTITY[sdk=iphoneos*]" = "iPhone Distribution: Robert Wagstaff (G52BLHGDV4)";
				FRAMEWORK_SEARCH_PATHS = (
					"$(inherited)",
					/Users/robertwagstaff/work/workspace/MoneyAndTech,
				);
				GCC_PRECOMPILE_PREFIX_HEADER = YES;
				GCC_PREFIX_HEADER = "MoneyAndTech/MoneyAndTech-Prefix.pch";
				HEADER_SEARCH_PATHS = (
					"\"${PODS_ROOT}/Headers\"",
					"\"${PODS_ROOT}/Headers/AFNetworking\"",
					"\"${PODS_ROOT}/Headers/MBProgressHUD\"",
					"\"$(SDKROOT)/usr/include/libxml2\"",
				);
				INFOPLIST_FILE = "MoneyAndTech/MoneyAndTech-Info.plist";
				OTHER_LDFLAGS = (
					"-framework",
					CoreGraphics,
					"-framework",
					MobileCoreServices,
					"-framework",
					Security,
					"-framework",
					SystemConfiguration,
				);
				PRODUCT_NAME = MoneyAndTech;
				PROVISIONING_PROFILE = "1716F5A9-983F-4413-94C2-754B2AFC79B1";
				WRAPPER_EXTENSION = app;
			};
			name = Release;
		};
		36CB290518DA456C00476E15 /* Debug */ = {
			isa = XCBuildConfiguration;
			buildSettings = {
				BUNDLE_LOADER = "$(BUILT_PRODUCTS_DIR)/MoneyAndTech.app/MoneyAndTech";
				FRAMEWORK_SEARCH_PATHS = (
					"$(SDKROOT)/Developer/Library/Frameworks",
					"$(inherited)",
					"$(DEVELOPER_FRAMEWORKS_DIR)",
				);
				GCC_PRECOMPILE_PREFIX_HEADER = YES;
				GCC_PREFIX_HEADER = "MoneyAndTech/MoneyAndTech-Prefix.pch";
				GCC_PREPROCESSOR_DEFINITIONS = (
					"DEBUG=1",
					"$(inherited)",
				);
				INFOPLIST_FILE = "MoneyAndTechTests/MoneyAndTechTests-Info.plist";
				PRODUCT_NAME = "$(TARGET_NAME)";
				TEST_HOST = "$(BUNDLE_LOADER)";
				WRAPPER_EXTENSION = xctest;
			};
			name = Debug;
		};
		36CB290618DA456C00476E15 /* Release */ = {
			isa = XCBuildConfiguration;
			buildSettings = {
				BUNDLE_LOADER = "$(BUILT_PRODUCTS_DIR)/MoneyAndTech.app/MoneyAndTech";
				FRAMEWORK_SEARCH_PATHS = (
					"$(SDKROOT)/Developer/Library/Frameworks",
					"$(inherited)",
					"$(DEVELOPER_FRAMEWORKS_DIR)",
				);
				GCC_PRECOMPILE_PREFIX_HEADER = YES;
				GCC_PREFIX_HEADER = "MoneyAndTech/MoneyAndTech-Prefix.pch";
				INFOPLIST_FILE = "MoneyAndTechTests/MoneyAndTechTests-Info.plist";
				PRODUCT_NAME = "$(TARGET_NAME)";
				TEST_HOST = "$(BUNDLE_LOADER)";
				WRAPPER_EXTENSION = xctest;
			};
			name = Release;
		};
/* End XCBuildConfiguration section */

/* Begin XCConfigurationList section */
		36CB28D018DA456C00476E15 /* Build configuration list for PBXProject "MoneyAndTech" */ = {
			isa = XCConfigurationList;
			buildConfigurations = (
				36CB28FF18DA456C00476E15 /* Debug */,
				36CB290018DA456C00476E15 /* Release */,
			);
			defaultConfigurationIsVisible = 0;
			defaultConfigurationName = Release;
		};
		36CB290118DA456C00476E15 /* Build configuration list for PBXNativeTarget "MoneyAndTech" */ = {
			isa = XCConfigurationList;
			buildConfigurations = (
				36CB290218DA456C00476E15 /* Debug */,
				36CB290318DA456C00476E15 /* Release */,
			);
			defaultConfigurationIsVisible = 0;
			defaultConfigurationName = Release;
		};
		36CB290418DA456C00476E15 /* Build configuration list for PBXNativeTarget "MoneyAndTechTests" */ = {
			isa = XCConfigurationList;
			buildConfigurations = (
				36CB290518DA456C00476E15 /* Debug */,
				36CB290618DA456C00476E15 /* Release */,
			);
			defaultConfigurationIsVisible = 0;
			defaultConfigurationName = Release;
		};
/* End XCConfigurationList section */
	};
	rootObject = 36CB28CD18DA456C00476E15 /* Project object */;
}
